
Microsoft Visual Studio Solution File, Format Version 12.00
# Visual Studio Version 17
VisualStudioVersion = 17.2.32505.173
MinimumVisualStudioVersion = 10.0.40219.1
Project("{FAE04EC0-301F-11D3-BF4B-00C04F79EFBC}") = "FineList", "FineList\FineList.csproj", "{62E5C5B7-364E-43B5-9880-7FE638E27FF8}"
EndProject
Project("{FAE04EC0-301F-11D3-BF4B-00C04F79EFBC}") = "test", "test\test.csproj", "{F7B02E3B-3D07-4093-9F79-59A9D69F0A4D}"
EndProject
Global
	GlobalSection(SolutionConfigurationPlatforms) = preSolution
		Debug|Any CPU = Debug|Any CPU
		Release|Any CPU = Release|Any CPU
	EndGlobalSection
	GlobalSection(ProjectConfigurationPlatforms) = postSolution
		{62E5C5B7-364E-43B5-9880-7FE638E27FF8}.Debug|Any CPU.ActiveCfg = Debug|Any CPU
		{62E5C5B7-364E-43B5-9880-7FE638E27FF8}.Debug|Any CPU.Build.0 = Debug|Any CPU
		{62E5C5B7-364E-43B5-9880-7FE638E27FF8}.Release|Any CPU.ActiveCfg = Release|Any CPU
		{62E5C5B7-364E-43B5-9880-7FE638E27FF8}.Release|Any CPU.Build.0 = Release|Any CPU
		{F7B02E3B-3D07-4093-9F79-59A9D69F0A4D}.Debug|Any CPU.ActiveCfg = Debug|Any CPU
		{F7B02E3B-3D07-4093-9F79-59A9D69F0A4D}.Debug|Any CPU.Build.0 = Debug|Any CPU
		{F7B02E3B-3D07-4093-9F79-59A9D69F0A4D}.Release|Any CPU.ActiveCfg = Release|Any CPU
		{F7B02E3B-3D07-4093-9F79-59A9D69F0A4D}.Release|Any CPU.Build.0 = Release|Any CPU
	EndGlobalSection
	GlobalSection(SolutionProperties) = preSolution
		HideSolutionNode = FALSE
	EndGlobalSection
	GlobalSection(ExtensibilityGlobals) = postSolution
		SolutionGuid = {157A7A52-6CC5-426C-9276-49578F3C0209}
	EndGlobalSection
EndGlobal
